
Microsoft Visual Studio Solution File, Format Version 12.00
# Visual Studio 15
VisualStudioVersion = 15.0.26730.3
MinimumVisualStudioVersion = 10.0.40219.1
Project("{FAE04EC0-301F-11D3-BF4B-00C04F79EFBC}") = "LibMan", "LibMan\LibMan.csproj", "{634701AB-0104-4290-AD4D-500D8DBE2FBB}"
EndProject
Global
	GlobalSection(SolutionConfigurationPlatforms) = preSolution
		Debug|Any CPU = Debug|Any CPU
		Release|Any CPU = Release|Any CPU
	EndGlobalSection
	GlobalSection(ProjectConfigurationPlatforms) = postSolution
		{634701AB-0104-4290-AD4D-500D8DBE2FBB}.Debug|Any CPU.ActiveCfg = Debug|Any CPU
		{634701AB-0104-4290-AD4D-500D8DBE2FBB}.Debug|Any CPU.Build.0 = Debug|Any CPU
		{634701AB-0104-4290-AD4D-500D8DBE2FBB}.Release|Any CPU.ActiveCfg = Release|Any CPU
		{634701AB-0104-4290-AD4D-500D8DBE2FBB}.Release|Any CPU.Build.0 = Release|Any CPU
	EndGlobalSection
	GlobalSection(SolutionProperties) = preSolution
		HideSolutionNode = FALSE
	EndGlobalSection
	GlobalSection(ExtensibilityGlobals) = postSolution
		SolutionGuid = {B3A12053-224F-48E5-8380-2D9C5D4ABDC9}
	EndGlobalSection
EndGlobal
